version: 2.0
shards:
  crexcel:
    git: https://github.com/wolfgang371/crexcel.git
    version: 0.1.1+git.commit.d30d79370d0305c0f144764d0eea7bfcccd87f33

  crymble-ui:
    git: https://github.com/wolfgang371/crymbleui.git
    version: 0.6.1

  debug:
    git: https://github.com/sija/debug.cr.git
    version: 2.0.4

  xlsx-parser:
    git: https://github.com/d1ceward/xlsx-parser.git
    version: 1.4.0

